<?xml version="1.0" encoding="utf-8"?>
<Project ToolsVersion="4.0" xmlns="http://schemas.microsoft.com/developer/msbuild/2003">
  <ItemGroup>
    <ClCompile Include="..\..\..\addons\ofxUI\src\ofxUI2DGraph.cpp" />
    <ClCompile Include="..\..\..\addons\ofxUI\src\ofxUI2DPad.cpp" />
    <ClCompile Include="..\..\..\addons\ofxUI\src\ofxUIBaseDraws.cpp" />
    <ClCompile Include="..\..\..\addons\ofxUI\src\ofxUIBiLabelSlider.cpp" />
    <ClCompile Include="..\..\..\addons\ofxUI\src\ofxUIButton.cpp" />
    <ClCompile Include="..\..\..\addons\ofxUI\src\ofxUICanvas.cpp" />
    <ClCompile Include="..\..\..\addons\ofxUI\src\ofxUICircleSlider.cpp" />
    <ClCompile Include="..\..\..\addons\ofxUI\src\ofxUIDragableLabelButton.cpp" />
    <ClCompile Include="..\..\..\addons\ofxUI\src\ofxUIDropDownList.cpp" />
    <ClCompile Include="..\..\..\addons\ofxUI\src\ofxUIEventArgs.cpp" />
    <ClCompile Include="..\..\..\addons\ofxUI\src\ofxUIFPS.cpp" />
    <ClCompile Include="..\..\..\addons\ofxUI\src\ofxUIFPSSlider.cpp" />
    <ClCompile Include="..\..\..\addons\ofxUI\src\ofxUIImage.cpp" />
    <ClCompile Include="..\..\..\addons\ofxUI\src\ofxUIImageButton.cpp" />
    <ClCompile Include="..\..\..\addons\ofxUI\src\ofxUIImageSampler.cpp" />
    <ClCompile Include="..\..\..\addons\ofxUI\src\ofxUIImageSlider.cpp" />
    <ClCompile Include="..\..\..\addons\ofxUI\src\ofxUIImageToggle.cpp" />
    <ClCompile Include="..\..\..\addons\ofxUI\src\ofxUILabel.cpp" />
    <ClCompile Include="..\..\..\addons\ofxUI\src\ofxUILabelButton.cpp" />
    <ClCompile Include="..\..\..\addons\ofxUI\src\ofxUILabelToggle.cpp" />
    <ClCompile Include="..\..\..\addons\ofxUI\src\ofxUIMinimalSlider.cpp" />
    <ClCompile Include="..\..\..\addons\ofxUI\src\ofxUIMovingGraph.cpp" />
    <ClCompile Include="..\..\..\addons\ofxUI\src\ofxUIMultiImageButton.cpp" />
    <ClCompile Include="..\..\..\addons\ofxUI\src\ofxUIMultiImageToggle.cpp" />
    <ClCompile Include="..\..\..\addons\ofxUI\src\ofxUINumberDialer.cpp" />
    <ClCompile Include="..\..\..\addons\ofxUI\src\ofxUIRadio.cpp" />
    <ClCompile Include="..\..\..\addons\ofxUI\src\ofxUIRangeSlider.cpp" />
    <ClCompile Include="..\..\..\addons\ofxUI\src\ofxUIRectangle.cpp" />
    <ClCompile Include="..\..\..\addons\ofxUI\src\ofxUIRotarySlider.cpp" />
    <ClCompile Include="..\..\..\addons\ofxUI\src\ofxUIScrollableCanvas.cpp" />
    <ClCompile Include="..\..\..\addons\ofxUI\src\ofxUISlider.cpp" />
    <ClCompile Include="..\..\..\addons\ofxUI\src\ofxUISortableList.cpp" />
    <ClCompile Include="..\..\..\addons\ofxUI\src\ofxUISpacer.cpp" />
    <ClCompile Include="..\..\..\addons\ofxUI\src\ofxUISpectrum.cpp" />
    <ClCompile Include="..\..\..\addons\ofxUI\src\ofxUISuperCanvas.cpp" />
    <ClCompile Include="..\..\..\addons\ofxUI\src\ofxUITabBar.cpp" />
    <ClCompile Include="..\..\..\addons\ofxUI\src\ofxUITextArea.cpp" />
    <ClCompile Include="..\..\..\addons\ofxUI\src\ofxUITextInput.cpp" />
    <ClCompile Include="..\..\..\addons\ofxUI\src\ofxUIToggle.cpp" />
    <ClCompile Include="..\..\..\addons\ofxUI\src\ofxUIToggleMatrix.cpp" />
    <ClCompile Include="..\..\..\addons\ofxUI\src\ofxUIValuePlotter.cpp" />
    <ClCompile Include="..\..\..\addons\ofxUI\src\ofxUIWaveform.cpp" />
    <ClCompile Include="..\..\..\addons\ofxUI\src\ofxUIWidget.cpp" />
    <ClCompile Include="..\..\..\addons\ofxUI\src\ofxUIWidgetWithLabel.cpp" />
    <ClCompile Include="src\main.cpp" />
    <ClCompile Include="src\AppCursor.cpp" />
    <ClCompile Include="src\AppDataset.cpp" />
    <ClCompile Include="src\FfmpegRecorder.cpp" />
    <ClCompile Include="src\KinectUtil.cpp" />
    <ClCompile Include="..\..\..\addons\ofxJSON\src\ofxJSONElement.cpp" />
    <ClCompile Include="..\..\..\addons\ofxJSON\libs\jsoncpp\src\jsoncpp.cpp" />
    <ClCompile Include="..\..\..\addons\ofxKinectCommonBridge\src\ofxKinectCommonBridge.cpp" />
    <ClCompile Include="..\..\..\addons\ofxXmlSettings\src\ofxXmlSettings.cpp" />
    <ClCompile Include="..\..\..\addons\ofxXmlSettings\libs\tinyxml.cpp" />
    <ClCompile Include="..\..\..\addons\ofxXmlSettings\libs\tinyxmlerror.cpp" />
    <ClCompile Include="..\..\..\addons\ofxXmlSettings\libs\tinyxmlparser.cpp" />
    <ClCompile Include="src\testApp.cpp" />
    <ClCompile Include="..\..\..\addons\ofxOsc\src\ofxOscBundle.cpp">
      <Filter>addons\ofxOsc\src</Filter>
    </ClCompile>
    <ClCompile Include="..\..\..\addons\ofxOsc\src\ofxOscMessage.cpp">
      <Filter>addons\ofxOsc\src</Filter>
    </ClCompile>
    <ClCompile Include="..\..\..\addons\ofxOsc\src\ofxOscParameterSync.cpp">
      <Filter>addons\ofxOsc\src</Filter>
    </ClCompile>
    <ClCompile Include="..\..\..\addons\ofxOsc\src\ofxOscReceiver.cpp">
      <Filter>addons\ofxOsc\src</Filter>
    </ClCompile>
    <ClCompile Include="..\..\..\addons\ofxOsc\src\ofxOscSender.cpp">
      <Filter>addons\ofxOsc\src</Filter>
    </ClCompile>
    <ClCompile Include="..\..\..\addons\ofxOsc\libs\oscpack\src\ip\IpEndpointName.cpp">
      <Filter>addons\ofxOsc\libs\oscpack\src\ip</Filter>
    </ClCompile>
    <ClCompile Include="..\..\..\addons\ofxOsc\libs\oscpack\src\ip\posix\NetworkingUtils.cpp">
      <Filter>addons\ofxOsc\libs\oscpack\src\ip\posix</Filter>
    </ClCompile>
    <ClCompile Include="..\..\..\addons\ofxOsc\libs\oscpack\src\ip\posix\UdpSocket.cpp">
      <Filter>addons\ofxOsc\libs\oscpack\src\ip\posix</Filter>
    </ClCompile>
    <ClCompile Include="..\..\..\addons\ofxOsc\libs\oscpack\src\ip\win32\NetworkingUtils.cpp">
      <Filter>addons\ofxOsc\libs\oscpack\src\ip\win32</Filter>
    </ClCompile>
    <ClCompile Include="..\..\..\addons\ofxOsc\libs\oscpack\src\ip\win32\UdpSocket.cpp">
      <Filter>addons\ofxOsc\libs\oscpack\src\ip\win32</Filter>
    </ClCompile>
    <ClCompile Include="..\..\..\addons\ofxOsc\libs\oscpack\src\osc\OscOutboundPacketStream.cpp">
      <Filter>addons\ofxOsc\libs\oscpack\src\osc</Filter>
    </ClCompile>
    <ClCompile Include="..\..\..\addons\ofxOsc\libs\oscpack\src\osc\OscPrintReceivedElements.cpp">
      <Filter>addons\ofxOsc\libs\oscpack\src\osc</Filter>
    </ClCompile>
    <ClCompile Include="..\..\..\addons\ofxOsc\libs\oscpack\src\osc\OscReceivedElements.cpp">
      <Filter>addons\ofxOsc\libs\oscpack\src\osc</Filter>
    </ClCompile>
    <ClCompile Include="..\..\..\addons\ofxOsc\libs\oscpack\src\osc\OscTypes.cpp">
      <Filter>addons\ofxOsc\libs\oscpack\src\osc</Filter>
    </ClCompile>
  </ItemGroup>
  <ItemGroup>
    <ClInclude Include="..\..\..\addons\ofxUI\src\ofxUI.h" />
    <ClInclude Include="..\..\..\addons\ofxUI\src\ofxUI2DGraph.h" />
    <ClInclude Include="..\..\..\addons\ofxUI\src\ofxUI2DPad.h" />
    <ClInclude Include="..\..\..\addons\ofxUI\src\ofxUIBaseDraws.h" />
    <ClInclude Include="..\..\..\addons\ofxUI\src\ofxUIBiLabelSlider.h" />
    <ClInclude Include="..\..\..\addons\ofxUI\src\ofxUIButton.h" />
    <ClInclude Include="..\..\..\addons\ofxUI\src\ofxUICanvas.h" />
    <ClInclude Include="..\..\..\addons\ofxUI\src\ofxUICircleSlider.h" />
    <ClInclude Include="..\..\..\addons\ofxUI\src\ofxUIDefines.h" />
    <ClInclude Include="..\..\..\addons\ofxUI\src\ofxUIDragableLabelButton.h" />
    <ClInclude Include="..\..\..\addons\ofxUI\src\ofxUIDropDownList.h" />
    <ClInclude Include="..\..\..\addons\ofxUI\src\ofxUIEventArgs.h" />
    <ClInclude Include="..\..\..\addons\ofxUI\src\ofxUIFPS.h" />
    <ClInclude Include="..\..\..\addons\ofxUI\src\ofxUIFPSSlider.h" />
    <ClInclude Include="..\..\..\addons\ofxUI\src\ofxUIImage.h" />
    <ClInclude Include="..\..\..\addons\ofxUI\src\ofxUIImageButton.h" />
    <ClInclude Include="..\..\..\addons\ofxUI\src\ofxUIImageSampler.h" />
    <ClInclude Include="..\..\..\addons\ofxUI\src\ofxUIImageSlider.h" />
    <ClInclude Include="..\..\..\addons\ofxUI\src\ofxUIImageToggle.h" />
    <ClInclude Include="..\..\..\addons\ofxUI\src\ofxUILabel.h" />
    <ClInclude Include="..\..\..\addons\ofxUI\src\ofxUILabelButton.h" />
    <ClInclude Include="..\..\..\addons\ofxUI\src\ofxUILabelToggle.h" />
    <ClInclude Include="..\..\..\addons\ofxUI\src\ofxUIMinimalSlider.h" />
    <ClInclude Include="..\..\..\addons\ofxUI\src\ofxUIMovingGraph.h" />
    <ClInclude Include="..\..\..\addons\ofxUI\src\ofxUIMultiImageButton.h" />
    <ClInclude Include="..\..\..\addons\ofxUI\src\ofxUIMultiImageToggle.h" />
    <ClInclude Include="..\..\..\addons\ofxUI\src\ofxUINumberDialer.h" />
    <ClInclude Include="..\..\..\addons\ofxUI\src\ofxUIOFWrapper.h" />
    <ClInclude Include="..\..\..\addons\ofxUI\src\ofxUIRadio.h" />
    <ClInclude Include="..\..\..\addons\ofxUI\src\ofxUIRangeSlider.h" />
    <ClInclude Include="..\..\..\addons\ofxUI\src\ofxUIRectangle.h" />
    <ClInclude Include="..\..\..\addons\ofxUI\src\ofxUIRotarySlider.h" />
    <ClInclude Include="..\..\..\addons\ofxUI\src\ofxUIScrollableCanvas.h" />
    <ClInclude Include="..\..\..\addons\ofxUI\src\ofxUISlider.h" />
    <ClInclude Include="..\..\..\addons\ofxUI\src\ofxUISortableList.h" />
    <ClInclude Include="..\..\..\addons\ofxUI\src\ofxUISpacer.h" />
    <ClInclude Include="..\..\..\addons\ofxUI\src\ofxUISpectrum.h" />
    <ClInclude Include="..\..\..\addons\ofxUI\src\ofxUISuperCanvas.h" />
    <ClInclude Include="..\..\..\addons\ofxUI\src\ofxUITabBar.h" />
    <ClInclude Include="..\..\..\addons\ofxUI\src\ofxUITextArea.h" />
    <ClInclude Include="..\..\..\addons\ofxUI\src\ofxUITextInput.h" />
    <ClInclude Include="..\..\..\addons\ofxUI\src\ofxUIToggle.h" />
    <ClInclude Include="..\..\..\addons\ofxUI\src\ofxUIToggleMatrix.h" />
    <ClInclude Include="..\..\..\addons\ofxUI\src\ofxUIUtils.h" />
    <ClInclude Include="..\..\..\addons\ofxUI\src\ofxUIValuePlotter.h" />
    <ClInclude Include="..\..\..\addons\ofxUI\src\ofxUIWaveform.h" />
    <ClInclude Include="..\..\..\addons\ofxUI\src\ofxUIWidget.h" />
    <ClInclude Include="..\..\..\addons\ofxUI\src\ofxUIWidgets.h" />
    <ClInclude Include="..\..\..\addons\ofxUI\src\ofxUIWidgetWithLabel.h" />
    <ClInclude Include="..\..\..\addons\ofxUI\src\ofxUIWrapper.h" />
    <ClInclude Include="src\AppCursor.h" />
    <ClInclude Include="src\AppDataset.h" />
    <ClInclude Include="src\AppTimer.h" />
    <ClInclude Include="src\FfmpegRecorder.h" />
    <ClInclude Include="src\KinectUtil.h" />
    <ClInclude Include="src\RecordedData.h" />
    <ClInclude Include="src\SelectedArm.h" />
    <ClInclude Include="src\SelectedUser.h" />
    <ClInclude Include="src\State.h" />
    <ClInclude Include="src\testApp.h" />
    <ClInclude Include="..\..\..\addons\ofxJSON\src\ofxJSON.h" />
    <ClInclude Include="..\..\..\addons\ofxJSON\src\ofxJSONElement.h" />
    <ClInclude Include="..\..\..\addons\ofxJSON\libs\jsoncpp\include\json\json-forwards.h" />
    <ClInclude Include="..\..\..\addons\ofxJSON\libs\jsoncpp\include\json\json.h" />
    <ClInclude Include="..\..\..\addons\ofxKinectCommonBridge\src\ofxKinectCommonBridge.h" />
    <ClInclude Include="..\..\..\addons\ofxKinectCommonBridge\libs\KinectCommonBridge\include\KinectCommonBridgeLib.h" />
    <ClInclude Include="..\..\..\addons\ofxXmlSettings\src\ofxXmlSettings.h" />
    <ClInclude Include="..\..\..\addons\ofxXmlSettings\libs\tinyxml.h" />
    <ClInclude Include="..\..\..\addons\ofxOsc\src\ofxOsc.h">
      <Filter>addons\ofxOsc\src</Filter>
    </ClInclude>
    <ClInclude Include="..\..\..\addons\ofxOsc\src\ofxOscArg.h">
      <Filter>addons\ofxOsc\src</Filter>
    </ClInclude>
    <ClInclude Include="..\..\..\addons\ofxOsc\src\ofxOscBundle.h">
      <Filter>addons\ofxOsc\src</Filter>
    </ClInclude>
    <ClInclude Include="..\..\..\addons\ofxOsc\src\ofxOscMessage.h">
      <Filter>addons\ofxOsc\src</Filter>
    </ClInclude>
    <ClInclude Include="..\..\..\addons\ofxOsc\src\ofxOscParameterSync.h">
      <Filter>addons\ofxOsc\src</Filter>
    </ClInclude>
    <ClInclude Include="..\..\..\addons\ofxOsc\src\ofxOscReceiver.h">
      <Filter>addons\ofxOsc\src</Filter>
    </ClInclude>
    <ClInclude Include="..\..\..\addons\ofxOsc\src\ofxOscSender.h">
      <Filter>addons\ofxOsc\src</Filter>
    </ClInclude>
    <ClInclude Include="..\..\..\addons\ofxOsc\libs\oscpack\src\ip\IpEndpointName.h">
      <Filter>addons\ofxOsc\libs\oscpack\src\ip</Filter>
    </ClInclude>
    <ClInclude Include="..\..\..\addons\ofxOsc\libs\oscpack\src\ip\NetworkingUtils.h">
      <Filter>addons\ofxOsc\libs\oscpack\src\ip</Filter>
    </ClInclude>
    <ClInclude Include="..\..\..\addons\ofxOsc\libs\oscpack\src\ip\PacketListener.h">
      <Filter>addons\ofxOsc\libs\oscpack\src\ip</Filter>
    </ClInclude>
    <ClInclude Include="..\..\..\addons\ofxOsc\libs\oscpack\src\ip\TimerListener.h">
      <Filter>addons\ofxOsc\libs\oscpack\src\ip</Filter>
    </ClInclude>
    <ClInclude Include="..\..\..\addons\ofxOsc\libs\oscpack\src\ip\UdpSocket.h">
      <Filter>addons\ofxOsc\libs\oscpack\src\ip</Filter>
    </ClInclude>
    <ClInclude Include="..\..\..\addons\ofxOsc\libs\oscpack\src\osc\MessageMappingOscPacketListener.h">
      <Filter>addons\ofxOsc\libs\oscpack\src\osc</Filter>
    </ClInclude>
    <ClInclude Include="..\..\..\addons\ofxOsc\libs\oscpack\src\osc\OscException.h">
      <Filter>addons\ofxOsc\libs\oscpack\src\osc</Filter>
    </ClInclude>
    <ClInclude Include="..\..\..\addons\ofxOsc\libs\oscpack\src\osc\OscHostEndianness.h">
      <Filter>addons\ofxOsc\libs\oscpack\src\osc</Filter>
    </ClInclude>
    <ClInclude Include="..\..\..\addons\ofxOsc\libs\oscpack\src\osc\OscOutboundPacketStream.h">
      <Filter>addons\ofxOsc\libs\oscpack\src\osc</Filter>
    </ClInclude>
    <ClInclude Include="..\..\..\addons\ofxOsc\libs\oscpack\src\osc\OscPacketListener.h">
      <Filter>addons\ofxOsc\libs\oscpack\src\osc</Filter>
    </ClInclude>
    <ClInclude Include="..\..\..\addons\ofxOsc\libs\oscpack\src\osc\OscPrintReceivedElements.h">
      <Filter>addons\ofxOsc\libs\oscpack\src\osc</Filter>
    </ClInclude>
    <ClInclude Include="..\..\..\addons\ofxOsc\libs\oscpack\src\osc\OscReceivedElements.h">
      <Filter>addons\ofxOsc\libs\oscpack\src\osc</Filter>
    </ClInclude>
    <ClInclude Include="..\..\..\addons\ofxOsc\libs\oscpack\src\osc\OscTypes.h">
      <Filter>addons\ofxOsc\libs\oscpack\src\osc</Filter>
    </ClInclude>
  </ItemGroup>
  <ItemGroup>
    <ResourceCompile Include="icon.rc" />
  </ItemGroup>
  <ItemGroup>
    <Filter Include="addons">
      <UniqueIdentifier>{a08f2d6d-ae9a-46a6-895f-2de4238981a1}</UniqueIdentifier>
    </Filter>
    <Filter Include="addons\ofxOsc">
      <UniqueIdentifier>{99009e4e-0e65-4e2c-8cc8-b0c42184c577}</UniqueIdentifier>
    </Filter>
    <Filter Include="addons\ofxOsc\src">
      <UniqueIdentifier>{754802eb-1bbc-4f7f-9171-0d9745d59af9}</UniqueIdentifier>
    </Filter>
    <Filter Include="addons\ofxOsc\libs">
      <UniqueIdentifier>{4b8ba71b-40ea-4a8c-a560-75a0b5cf625b}</UniqueIdentifier>
    </Filter>
    <Filter Include="addons\ofxOsc\libs\oscpack">
      <UniqueIdentifier>{345cb4d2-49ca-4c17-8880-20908d7d6511}</UniqueIdentifier>
    </Filter>
    <Filter Include="addons\ofxOsc\libs\oscpack\src">
      <UniqueIdentifier>{6f452302-05d8-45f6-a6a6-578cc42e671c}</UniqueIdentifier>
    </Filter>
    <Filter Include="addons\ofxOsc\libs\oscpack\src\ip">
      <UniqueIdentifier>{b508ccd6-4fde-49b3-8b8a-4edf3353032e}</UniqueIdentifier>
    </Filter>
    <Filter Include="addons\ofxOsc\libs\oscpack\src\ip\posix">
      <UniqueIdentifier>{535b3cc3-88cd-4049-9d3e-33c5cc0156f5}</UniqueIdentifier>
    </Filter>
    <Filter Include="addons\ofxOsc\libs\oscpack\src\ip\win32">
      <UniqueIdentifier>{bc00497a-2df9-49f0-897e-88b3e3f02cb4}</UniqueIdentifier>
    </Filter>
    <Filter Include="addons\ofxOsc\libs\oscpack\src\osc">
      <UniqueIdentifier>{920900ae-6043-41e0-8040-0b208276b9ef}</UniqueIdentifier>
    </Filter>
  </ItemGroup>
</Project>